// !$*UTF8*$!
{
	archiveVersion = 1;
	classes = {
	};
	objectVersion = 50;
	objects = {

/* Begin PBXBuildFile section */
		DC91F4E628A51BC300825A72 /* AppDelegate.swift in Sources */ = {isa = PBXBuildFile; fileRef = DC91F4E528A51BC300825A72 /* AppDelegate.swift */; };
		DC91F4E828A51BC300825A72 /* SceneDelegate.swift in Sources */ = {isa = PBXBuildFile; fileRef = DC91F4E728A51BC300825A72 /* SceneDelegate.swift */; };
		DC91F4EA28A51BC300825A72 /* ViewController.swift in Sources */ = {isa = PBXBuildFile; fileRef = DC91F4E928A51BC300825A72 /* ViewController.swift */; };
		DC91F4ED28A51BC300825A72 /* Main.storyboard in Resources */ = {isa = PBXBuildFile; fileRef = DC91F4EB28A51BC300825A72 /* Main.storyboard */; };
		DC91F4EF28A51BCC00825A72 /* Assets.xcassets in Resources */ = {isa = PBXBuildFile; fileRef = DC91F4EE28A51BCC00825A72 /* Assets.xcassets */; };
		DC91F4F228A51BCC00825A72 /* LaunchScreen.storyboard in Resources */ = {isa = PBXBuildFile; fileRef = DC91F4F028A51BCC00825A72 /* LaunchScreen.storyboard */; };
		DC91F4FB28A51F4500825A72 /* MyCell.swift in Sources */ = {isa = PBXBuildFile; fileRef = DC91F4FA28A51F4500825A72 /* MyCell.swift */; };
/* End PBXBuildFile section */

/* Begin PBXFileReference section */
		DC91F4E228A51BC300825A72 /* Contato.app */ = {isa = PBXFileReference; explicitFileType = wrapper.application; includeInIndex = 0; path = Contato.app; sourceTree = BUILT_PRODUCTS_DIR; };
		DC91F4E528A51BC300825A72 /* AppDelegate.swift */ = {isa = PBXFileReference; lastKnownFileType = sourcecode.swift; path = AppDelegate.swift; sourceTree = "<group>"; };
		DC91F4E728A51BC300825A72 /* SceneDelegate.swift */ = {isa = PBXFileReference; lastKnownFileType = sourcecode.swift; path = SceneDelegate.swift; sourceTree = "<group>"; };
		DC91F4E928A51BC300825A72 /* ViewController.swift */ = {isa = PBXFileReference; lastKnownFileType = sourcecode.swift; path = ViewController.swift; sourceTree = "<group>"; };
		DC91F4EC28A51BC300825A72 /* Base */ = {isa = PBXFileReference; lastKnownFileType = file.storyboard; name = Base; path = Base.lproj/Main.storyboard; sourceTree = "<group>"; };
		DC91F4EE28A51BCC00825A72 /* Assets.xcassets */ = {isa = PBXFileReference; lastKnownFileType = folder.assetcatalog; path = Assets.xcassets; sourceTree = "<group>"; };
		DC91F4F128A51BCC00825A72 /* Base */ = {isa = PBXFileReference; lastKnownFileType = file.storyboard; name = Base; path = Base.lproj/LaunchScreen.storyboard; sourceTree = "<group>"; };
		DC91F4F328A51BCC00825A72 /* Info.plist */ = {isa = PBXFileReference; lastKnownFileType = text.plist.xml; path = Info.plist; sourceTree = "<group>"; };
		DC91F4FA28A51F4500825A72 /* MyCell.swift */ = {isa = PBXFileReference; lastKnownFileType = sourcecode.swift; path = MyCell.swift; sourceTree = "<group>"; };
/* End PBXFileReference section */

/* Begin PBXFrameworksBuildPhase section */
		DC91F4DF28A51BC300825A72 /* Frameworks */ = {
			isa = PBXFrameworksBuildPhase;
			buildActionMask = 2147483647;
			files = (
			);
			runOnlyForDeploymentPostprocessing = 0;
		};
/* End PBXFrameworksBuildPhase section */

/* Begin PBXGroup section */
		DC91F4D928A51BC300825A72 = {
			isa = PBXGroup;
			children = (
				DC91F4E428A51BC300825A72 /* Contato */,
				DC91F4E328A51BC300825A72 /* Products */,
			);
			sourceTree = "<group>";
		};
		DC91F4E328A51BC300825A72 /* Products */ = {
			isa = PBXGroup;
			children = (
				DC91F4E228A51BC300825A72 /* Contato.app */,
			);
			name = Products;
			sourceTree = "<group>";
		};
		DC91F4E428A51BC300825A72 /* Contato */ = {
			isa = PBXGroup;
			children = (
				DC91F4E528A51BC300825A72 /* AppDelegate.swift */,
				DC91F4E728A51BC300825A72 /* SceneDelegate.swift */,
				DC91F4E928A51BC300825A72 /* ViewController.swift */,
				DC91F4EB28A51BC300825A72 /* Main.storyboard */,
				DC91F4FA28A51F4500825A72 /* MyCell.swift */,
				DC91F4EE28A51BCC00825A72 /* Assets.xcassets */,
				DC91F4F028A51BCC00825A72 /* LaunchScreen.storyboard */,
				DC91F4F328A51BCC00825A72 /* Info.plist */,
			);
			path = Contato;
			sourceTree = "<group>";
		};
/* End PBXGroup section */

/* Begin PBXNativeTarget section */
		DC91F4E128A51BC300825A72 /* Contato */ = {
			isa = PBXNativeTarget;
			buildConfigurationList = DC91F4F628A51BCC00825A72 /* Build configuration list for PBXNativeTarget "Contato" */;
			buildPhases = (
				DC91F4DE28A51BC300825A72 /* Sources */,
				DC91F4DF28A51BC300825A72 /* Frameworks */,
				DC91F4E028A51BC300825A72 /* Resources */,
			);
			buildRules = (
			);
			dependencies = (
			);
			name = Contato;
			productName = Contato;
			productReference = DC91F4E228A51BC300825A72 /* Contato.app */;
			productType = "com.apple.product-type.application";
		};
/* End PBXNativeTarget section */

/* Begin PBXProject section */
		DC91F4DA28A51BC300825A72 /* Project object */ = {
			isa = PBXProject;
			attributes = {
				LastSwiftUpdateCheck = 1200;
				LastUpgradeCheck = 1200;
				TargetAttributes = {
					DC91F4E128A51BC300825A72 = {
						CreatedOnToolsVersion = 12.0.1;
					};
				};
			};
			buildConfigurationList = DC91F4DD28A51BC300825A72 /* Build configuration list for PBXProject "Contato" */;
			compatibilityVersion = "Xcode 9.3";
			developmentRegion = en;
			hasScannedForEncodings = 0;
			knownRegions = (
				en,
				Base,
			);
			mainGroup = DC91F4D928A51BC300825A72;
			productRefGroup = DC91F4E328A51BC300825A72 /* Products */;
			projectDirPath = "";
			projectRoot = "";
			targets = (
				DC91F4E128A51BC300825A72 /* Contato */,
			);
		};
/* End PBXProject section */

/* Begin PBXResourcesBuildPhase section */
		DC91F4E028A51BC300825A72 /* Resources */ = {
			isa = PBXResourcesBuildPhase;
			buildActionMask = 2147483647;
			files = (
				DC91F4F228A51BCC00825A72 /* LaunchScreen.storyboard in Resources */,
				DC91F4EF28A51BCC00825A72 /* Assets.xcassets in Resources */,
				DC91F4ED28A51BC300825A72 /* Main.storyboard in Resources */,
			);
			runOnlyForDeploymentPostprocessing = 0;
		};
/* End PBXResourcesBuildPhase section */

/* Begin PBXSourcesBuildPhase section */
		DC91F4DE28A51BC300825A72 /* Sources */ = {
			isa = PBXSourcesBuildPhase;
			buildActionMask = 2147483647;
			files = (
				DC91F4EA28A51BC300825A72 /* ViewController.swift in Sources */,
				DC91F4FB28A51F4500825A72 /* MyCell.swift in Sources */,
				DC91F4E628A51BC300825A72 /* AppDelegate.swift in Sources */,
				DC91F4E828A51BC300825A72 /* SceneDelegate.swift in Sources */,
			);
			runOnlyForDeploymentPostprocessing = 0;
		};
/* End PBXSourcesBuildPhase section */

/* Begin PBXVariantGroup section */
		DC91F4EB28A51BC300825A72 /* Main.storyboard */ = {
			isa = PBXVariantGroup;
			children = (
				DC91F4EC28A51BC300825A72 /* Base */,
			);
			name = Main.storyboard;
			sourceTree = "<group>";
		};
		DC91F4F028A51BCC00825A72 /* LaunchScreen.storyboard */ = {
			isa = PBXVariantGroup;
			children = (
				DC91F4F128A51BCC00825A72 /* Base */,
			);
			name = LaunchScreen.storyboard;
			sourceTree = "<group>";
		};
/* End PBXVariantGroup section */

/* Begin XCBuildConfiguration section */
		DC91F4F428A51BCC00825A72 /* Debug */ = {
			isa = XCBuildConfiguration;
			buildSettings = {
				ALWAYS_SEARCH_USER_PATHS = NO;
				CLANG_ANALYZER_NONNULL = YES;
				CLANG_ANALYZER_NUMBER_OBJECT_CONVERSION = YES_AGGRESSIVE;
				CLANG_CXX_LANGUAGE_STANDARD = "gnu++14";
				CLANG_CXX_LIBRARY = "libc++";
				CLANG_ENABLE_MODULES = YES;
				CLANG_ENABLE_OBJC_ARC = YES;
				CLANG_ENABLE_OBJC_WEAK = YES;
				CLANG_WARN_BLOCK_CAPTURE_AUTORELEASING = YES;
				CLANG_WARN_BOOL_CONVERSION = YES;
				CLANG_WARN_COMMA = YES;
				CLANG_WARN_CONSTANT_CONVERSION = YES;
				CLANG_WARN_DEPRECATED_OBJC_IMPLEMENTATIONS = YES;
				CLANG_WARN_DIRECT_OBJC_ISA_USAGE = YES_ERROR;
				CLANG_WARN_DOCUMENTATION_COMMENTS = YES;
				CLANG_WARN_EMPTY_BODY = YES;
				CLANG_WARN_ENUM_CONVERSION = YES;
				CLANG_WARN_INFINITE_RECURSION = YES;
				CLANG_WARN_INT_CONVERSION = YES;
				CLANG_WARN_NON_LITERAL_NULL_CONVERSION = YES;
				CLANG_WARN_OBJC_IMPLICIT_RETAIN_SELF = YES;
				CLANG_WARN_OBJC_LITERAL_CONVERSION = YES;
				CLANG_WARN_OBJC_ROOT_CLASS = YES_ERROR;
				CLANG_WARN_QUOTED_INCLUDE_IN_FRAMEWORK_HEADER = YES;
				CLANG_WARN_RANGE_LOOP_ANALYSIS = YES;
				CLANG_WARN_STRICT_PROTOTYPES = YES;
				CLANG_WARN_SUSPICIOUS_MOVE = YES;
				CLANG_WARN_UNGUARDED_AVAILABILITY = YES_AGGRESSIVE;
				CLANG_WARN_UNREACHABLE_CODE = YES;
				CLANG_WARN__DUPLICATE_METHOD_MATCH = YES;
				COPY_PHASE_STRIP = NO;
				DEBUG_INFORMATION_FORMAT = dwarf;
				ENABLE_STRICT_OBJC_MSGSEND = YES;
				ENABLE_TESTABILITY = YES;
				GCC_C_LANGUAGE_STANDARD = gnu11;
				GCC_DYNAMIC_NO_PIC = NO;
				GCC_NO_COMMON_BLOCKS = YES;
				GCC_OPTIMIZATION_LEVEL = 0;
				GCC_PREPROCESSOR_DEFINITIONS = (
					"DEBUG=1",
					"$(inherited)",
				);
				GCC_WARN_64_TO_32_BIT_CONVERSION = YES;
				GCC_WARN_ABOUT_RETURN_TYPE = YES_ERROR;
				GCC_WARN_UNDECLARED_SELECTOR = YES;
				GCC_WARN_UNINITIALIZED_AUTOS = YES_AGGRESSIVE;
				GCC_WARN_UNUSED_FUNCTION = YES;
				GCC_WARN_UNUSED_VARIABLE = YES;
				IPHONEOS_DEPLOYMENT_TARGET = 14.0;
				MTL_ENABLE_DEBUG_INFO = INCLUDE_SOURCE;
				MTL_FAST_MATH = YES;
				ONLY_ACTIVE_ARCH = YES;
				SDKROOT = iphoneos;
				SWIFT_ACTIVE_COMPILATION_CONDITIONS = DEBUG;
				SWIFT_OPTIMIZATION_LEVEL = "-Onone";
			};
			name = Debug;
		};
		DC91F4F528A51BCC00825A72 /* Release */ = {
			isa = XCBuildConfiguration;
			buildSettings = {
				ALWAYS_SEARCH_USER_PATHS = NO;
				CLANG_ANALYZER_NONNULL = YES;
				CLANG_ANALYZER_NUMBER_OBJECT_CONVERSION = YES_AGGRESSIVE;
				CLANG_CXX_LANGUAGE_STANDARD = "gnu++14";
				CLANG_CXX_LIBRARY = "libc++";
				CLANG_ENABLE_MODULES = YES;
				CLANG_ENABLE_OBJC_ARC = YES;
				CLANG_ENABLE_OBJC_WEAK = YES;
				CLANG_WARN_BLOCK_CAPTURE_AUTORELEASING = YES;
				CLANG_WARN_BOOL_CONVERSION = YES;
				CLANG_WARN_COMMA = YES;
				CLANG_WARN_CONSTANT_CONVERSION = YES;
				CLANG_WARN_DEPRECATED_OBJC_IMPLEMENTATIONS = YES;
				CLANG_WARN_DIRECT_OBJC_ISA_USAGE = YES_ERROR;
				CLANG_WARN_DOCUMENTATION_COMMENTS = YES;
				CLANG_WARN_EMPTY_BODY = YES;
				CLANG_WARN_ENUM_CONVERSION = YES;
				CLANG_WARN_INFINITE_RECURSION = YES;
				CLANG_WARN_INT_CONVERSION = YES;
				CLANG_WARN_NON_LITERAL_NULL_CONVERSION = YES;
				CLANG_WARN_OBJC_IMPLICIT_RETAIN_SELF = YES;
				CLANG_WARN_OBJC_LITERAL_CONVERSION = YES;
				CLANG_WARN_OBJC_ROOT_CLASS = YES_ERROR;
				CLANG_WARN_QUOTED_INCLUDE_IN_FRAMEWORK_HEADER = YES;
				CLANG_WARN_RANGE_LOOP_ANALYSIS = YES;
				CLANG_WARN_STRICT_PROTOTYPES = YES;
				CLANG_WARN_SUSPICIOUS_MOVE = YES;
				CLANG_WARN_UNGUARDED_AVAILABILITY = YES_AGGRESSIVE;
				CLANG_WARN_UNREACHABLE_CODE = YES;
				CLANG_WARN__DUPLICATE_METHOD_MATCH = YES;
				COPY_PHASE_STRIP = NO;
				DEBUG_INFORMATION_FORMAT = "dwarf-with-dsym";
				ENABLE_NS_ASSERTIONS = NO;
				ENABLE_STRICT_OBJC_MSGSEND = YES;
				GCC_C_LANGUAGE_STANDARD = gnu11;
				GCC_NO_COMMON_BLOCKS = YES;
				GCC_WARN_64_TO_32_BIT_CONVERSION = YES;
				GCC_WARN_ABOUT_RETURN_TYPE = YES_ERROR;
				GCC_WARN_UNDECLARED_SELECTOR = YES;
				GCC_WARN_UNINITIALIZED_AUTOS = YES_AGGRESSIVE;
				GCC_WARN_UNUSED_FUNCTION = YES;
				GCC_WARN_UNUSED_VARIABLE = YES;
				IPHONEOS_DEPLOYMENT_TARGET = 14.0;
				MTL_ENABLE_DEBUG_INFO = NO;
				MTL_FAST_MATH = YES;
				SDKROOT = iphoneos;
				SWIFT_COMPILATION_MODE = wholemodule;
				SWIFT_OPTIMIZATION_LEVEL = "-O";
				VALIDATE_PRODUCT = YES;
			};
			name = Release;
		};
		DC91F4F728A51BCC00825A72 /* Debug */ = {
			isa = XCBuildConfiguration;
			buildSettings = {
				ASSETCATALOG_COMPILER_APPICON_NAME = AppIcon;
				ASSETCATALOG_COMPILER_GLOBAL_ACCENT_COLOR_NAME = AccentColor;
				CODE_SIGN_STYLE = Automatic;
				INFOPLIST_FILE = Contato/Info.plist;
				LD_RUNPATH_SEARCH_PATHS = (
					"$(inherited)",
					"@executable_path/Frameworks",
				);
				PRODUCT_BUNDLE_IDENTIFIER = com.trabalho.Contato;
				PRODUCT_NAME = "$(TARGET_NAME)";
				SWIFT_VERSION = 5.0;
				TARGETED_DEVICE_FAMILY = "1,2";
			};
			name = Debug;
		};
		DC91F4F828A51BCC00825A72 /* Release */ = {
			isa = XCBuildConfiguration;
			buildSettings = {
				ASSETCATALOG_COMPILER_APPICON_NAME = AppIcon;
				ASSETCATALOG_COMPILER_GLOBAL_ACCENT_COLOR_NAME = AccentColor;
				CODE_SIGN_STYLE = Automatic;
				INFOPLIST_FILE = Contato/Info.plist;
				LD_RUNPATH_SEARCH_PATHS = (
					"$(inherited)",
					"@executable_path/Frameworks",
				);
				PRODUCT_BUNDLE_IDENTIFIER = com.trabalho.Contato;
				PRODUCT_NAME = "$(TARGET_NAME)";
				SWIFT_VERSION = 5.0;
				TARGETED_DEVICE_FAMILY = "1,2";
			};
			name = Release;
		};
/* End XCBuildConfiguration section */

/* Begin XCConfigurationList section */
		DC91F4DD28A51BC300825A72 /* Build configuration list for PBXProject "Contato" */ = {
			isa = XCConfigurationList;
			buildConfigurations = (
				DC91F4F428A51BCC00825A72 /* Debug */,
				DC91F4F528A51BCC00825A72 /* Release */,
			);
			defaultConfigurationIsVisible = 0;
			defaultConfigurationName = Release;
		};
		DC91F4F628A51BCC00825A72 /* Build configuration list for PBXNativeTarget "Contato" */ = {
			isa = XCConfigurationList;
			buildConfigurations = (
				DC91F4F728A51BCC00825A72 /* Debug */,
				DC91F4F828A51BCC00825A72 /* Release */,
			);
			defaultConfigurationIsVisible = 0;
			defaultConfigurationName = Release;
		};
/* End XCConfigurationList section */
	};
	rootObject = DC91F4DA28A51BC300825A72 /* Project object */;
}
